lockfileVersion: '6.0'

settings:
  autoInstallPeers: true
  excludeLinksFromLockfile: false

dependencies:
  htmx.org:
    specifier: ^1.9.6
    version: 1.9.6

packages:

  /htmx.org@1.9.6:
    resolution: {integrity: sha512-4Zebo9nzg8u2ZHuIJmvB/nQS6kIMLIoEfhTg/oRwyCIJhL5MLA/jPU1EPEBtGOmG4ZG0k05Vpd3sab2+zfvteQ==}
    dev: false
